
Microsoft Visual Studio Solution File, Format Version 12.00
# Visual Studio Version 17
VisualStudioVersion = 17.6.33829.357
MinimumVisualStudioVersion = 10.0.40219.1
Project("{FAE04EC0-301F-11D3-BF4B-00C04F79EFBC}") = "A-20", "A-20\A-20.csproj", "{861E0D51-A662-42E3-862F-99DEB723B82C}"
EndProject
Global
	GlobalSection(SolutionConfigurationPlatforms) = preSolution
		Debug|Any CPU = Debug|Any CPU
		Release|Any CPU = Release|Any CPU
	EndGlobalSection
	GlobalSection(ProjectConfigurationPlatforms) = postSolution
		{861E0D51-A662-42E3-862F-99DEB723B82C}.Debug|Any CPU.ActiveCfg = Debug|Any CPU
		{861E0D51-A662-42E3-862F-99DEB723B82C}.Debug|Any CPU.Build.0 = Debug|Any CPU
		{861E0D51-A662-42E3-862F-99DEB723B82C}.Release|Any CPU.ActiveCfg = Release|Any CPU
		{861E0D51-A662-42E3-862F-99DEB723B82C}.Release|Any CPU.Build.0 = Release|Any CPU
	EndGlobalSection
	GlobalSection(SolutionProperties) = preSolution
		HideSolutionNode = FALSE
	EndGlobalSection
	GlobalSection(ExtensibilityGlobals) = postSolution
		SolutionGuid = {EFC99768-5299-4852-B5EA-910F465E42D6}
	EndGlobalSection
EndGlobal
